{
  "object": {
    "pins": [
      {
        "package": "SwiftUIPullToRefresh",
        "repositoryURL": "https://github.com/muhammedtanriverdi/SwiftUIPullToRefresh.git",
        "state": {
          "branch": "master",
          "revision": "c1b7669c2b58ab83f2e5370b96a96a2dce1fee56",
          "version": null
        }
      }
    ]
  },
  "version": 1
}
