{
  "pins" : [
    {
      "identity" : "extension",
      "kind" : "remoteSourceControl",
      "location" : "https://github.com/ZeeWanderer/Extension",
      "state" : {
        "revision" : "2b9223074179b9c6501fcaf6efa7961e0dcd90eb",
        "version" : "1.1.2"
      }
    },
    {
      "identity" : "swiftuipulltorefresh",
      "kind" : "remoteSourceControl",
      "location" : "https://github.com/muhammedtanriverdi/SwiftUIPullToRefresh.git",
      "state" : {
        "branch" : "master",
        "revision" : "c1b7669c2b58ab83f2e5370b96a96a2dce1fee56"
      }
    }
  ],
  "version" : 2
}
