// !$*UTF8*$!
{
	archiveVersion = 1;
	classes = {
	};
	objectVersion = 53;
	objects = {

/* Begin PBXBuildFile section */
		501C6E962524EC4400AB6A2E /* LessonView.swift in Sources */ = {isa = PBXBuildFile; fileRef = 501C6E952524EC4400AB6A2E /* LessonView.swift */; };
		50326D60242A891500539BEE /* SettingsView.swift in Sources */ = {isa = PBXBuildFile; fileRef = 50326D5F242A891500539BEE /* SettingsView.swift */; };
		5056C1A92526366600B53E3A /* SwiftUIPullToRefresh in Frameworks */ = {isa = PBXBuildFile; productRef = 5056C1A82526366600B53E3A /* SwiftUIPullToRefresh */; };
		5056C1B625263F4600B53E3A /* LocalStorage.swift in Sources */ = {isa = PBXBuildFile; fileRef = 5056C1B525263F4600B53E3A /* LocalStorage.swift */; };
		5056C1B925264B0F00B53E3A /* SuccessLogView.swift in Sources */ = {isa = PBXBuildFile; fileRef = 5056C1B825264B0F00B53E3A /* SuccessLogView.swift */; };
		505E893423952F0900694E0F /* MarkbookView.swift in Sources */ = {isa = PBXBuildFile; fileRef = 505E893323952F0900694E0F /* MarkbookView.swift */; };
		505E893623952F5900694E0F /* ScheduleView.swift in Sources */ = {isa = PBXBuildFile; fileRef = 505E893523952F5900694E0F /* ScheduleView.swift */; };
		505E893823953B8100694E0F /* LoginView.swift in Sources */ = {isa = PBXBuildFile; fileRef = 505E893723953B8100694E0F /* LoginView.swift */; };
		505E893C2395423000694E0F /* UserData.swift in Sources */ = {isa = PBXBuildFile; fileRef = 505E893B2395423000694E0F /* UserData.swift */; };
		505E894023954B7000694E0F /* ArchState.swift in Sources */ = {isa = PBXBuildFile; fileRef = 505E893F23954B7000694E0F /* ArchState.swift */; };
		505E894223954DCC00694E0F /* APIJsons.swift in Sources */ = {isa = PBXBuildFile; fileRef = 505E894123954DCC00694E0F /* APIJsons.swift */; };
		505E894423954E3800694E0F /* Defaults.swift in Sources */ = {isa = PBXBuildFile; fileRef = 505E894323954E3800694E0F /* Defaults.swift */; };
		5063689B2395286400067291 /* JetIQ_Student.xcdatamodeld in Sources */ = {isa = PBXBuildFile; fileRef = 506368992395286400067291 /* JetIQ_Student.xcdatamodeld */; };
		5063689D2395286400067291 /* ContentView.swift in Sources */ = {isa = PBXBuildFile; fileRef = 5063689C2395286400067291 /* ContentView.swift */; };
		5063689F2395286800067291 /* Assets.xcassets in Resources */ = {isa = PBXBuildFile; fileRef = 5063689E2395286800067291 /* Assets.xcassets */; };
		506368A22395286800067291 /* Preview Assets.xcassets in Resources */ = {isa = PBXBuildFile; fileRef = 506368A12395286800067291 /* Preview Assets.xcassets */; };
		506368A52395286800067291 /* LaunchScreen.storyboard in Resources */ = {isa = PBXBuildFile; fileRef = 506368A32395286800067291 /* LaunchScreen.storyboard */; };
		509576D225D54CE2004E649F /* Networking.swift in Sources */ = {isa = PBXBuildFile; fileRef = 509576D125D54CE2004E649F /* Networking.swift */; };
		5096472323C612D90000758C /* SubgroupSelectionView.swift in Sources */ = {isa = PBXBuildFile; fileRef = 5096472223C612D90000758C /* SubgroupSelectionView.swift */; };
		509F61D32526546A00C8FF71 /* SuccessLogDetailView.swift in Sources */ = {isa = PBXBuildFile; fileRef = 509F61D22526546A00C8FF71 /* SuccessLogDetailView.swift */; };
		50B687DD24BF87C70093E603 /* JetIQStudentApp.swift in Sources */ = {isa = PBXBuildFile; fileRef = 50B687DC24BF87C70093E603 /* JetIQStudentApp.swift */; };
		B6052EB92680BC5500AEA1AC /* Extension in Frameworks */ = {isa = PBXBuildFile; productRef = B6052EB82680BC5500AEA1AC /* Extension */; };
/* End PBXBuildFile section */

/* Begin PBXFileReference section */
		501C6E952524EC4400AB6A2E /* LessonView.swift */ = {isa = PBXFileReference; lastKnownFileType = sourcecode.swift; path = LessonView.swift; sourceTree = "<group>"; };
		50326D5F242A891500539BEE /* SettingsView.swift */ = {isa = PBXFileReference; lastKnownFileType = sourcecode.swift; path = SettingsView.swift; sourceTree = "<group>"; };
		5056C1B525263F4600B53E3A /* LocalStorage.swift */ = {isa = PBXFileReference; lastKnownFileType = sourcecode.swift; path = LocalStorage.swift; sourceTree = "<group>"; };
		5056C1B825264B0F00B53E3A /* SuccessLogView.swift */ = {isa = PBXFileReference; lastKnownFileType = sourcecode.swift; path = SuccessLogView.swift; sourceTree = "<group>"; };
		505E893323952F0900694E0F /* MarkbookView.swift */ = {isa = PBXFileReference; lastKnownFileType = sourcecode.swift; path = MarkbookView.swift; sourceTree = "<group>"; };
		505E893523952F5900694E0F /* ScheduleView.swift */ = {isa = PBXFileReference; lastKnownFileType = sourcecode.swift; path = ScheduleView.swift; sourceTree = "<group>"; };
		505E893723953B8100694E0F /* LoginView.swift */ = {isa = PBXFileReference; lastKnownFileType = sourcecode.swift; path = LoginView.swift; sourceTree = "<group>"; };
		505E893B2395423000694E0F /* UserData.swift */ = {isa = PBXFileReference; lastKnownFileType = sourcecode.swift; path = UserData.swift; sourceTree = "<group>"; };
		505E893F23954B7000694E0F /* ArchState.swift */ = {isa = PBXFileReference; lastKnownFileType = sourcecode.swift; path = ArchState.swift; sourceTree = "<group>"; };
		505E894123954DCC00694E0F /* APIJsons.swift */ = {isa = PBXFileReference; lastKnownFileType = sourcecode.swift; path = APIJsons.swift; sourceTree = "<group>"; };
		505E894323954E3800694E0F /* Defaults.swift */ = {isa = PBXFileReference; lastKnownFileType = sourcecode.swift; path = Defaults.swift; sourceTree = "<group>"; };
		506368922395286400067291 /* JetIQ-Student.app */ = {isa = PBXFileReference; explicitFileType = wrapper.application; includeInIndex = 0; path = "JetIQ-Student.app"; sourceTree = BUILT_PRODUCTS_DIR; };
		5063689A2395286400067291 /* JetIQ_Student.xcdatamodel */ = {isa = PBXFileReference; lastKnownFileType = wrapper.xcdatamodel; path = JetIQ_Student.xcdatamodel; sourceTree = "<group>"; };
		5063689C2395286400067291 /* ContentView.swift */ = {isa = PBXFileReference; lastKnownFileType = sourcecode.swift; path = ContentView.swift; sourceTree = "<group>"; };
		5063689E2395286800067291 /* Assets.xcassets */ = {isa = PBXFileReference; lastKnownFileType = folder.assetcatalog; path = Assets.xcassets; sourceTree = "<group>"; };
		506368A12395286800067291 /* Preview Assets.xcassets */ = {isa = PBXFileReference; lastKnownFileType = folder.assetcatalog; path = "Preview Assets.xcassets"; sourceTree = "<group>"; };
		506368A42395286800067291 /* Base */ = {isa = PBXFileReference; lastKnownFileType = file.storyboard; name = Base; path = Base.lproj/LaunchScreen.storyboard; sourceTree = "<group>"; };
		506368A62395286800067291 /* Info.plist */ = {isa = PBXFileReference; lastKnownFileType = text.plist.xml; path = Info.plist; sourceTree = "<group>"; };
		509576D125D54CE2004E649F /* Networking.swift */ = {isa = PBXFileReference; lastKnownFileType = sourcecode.swift; path = Networking.swift; sourceTree = "<group>"; };
		5096472223C612D90000758C /* SubgroupSelectionView.swift */ = {isa = PBXFileReference; lastKnownFileType = sourcecode.swift; path = SubgroupSelectionView.swift; sourceTree = "<group>"; };
		509F61D22526546A00C8FF71 /* SuccessLogDetailView.swift */ = {isa = PBXFileReference; lastKnownFileType = sourcecode.swift; path = SuccessLogDetailView.swift; sourceTree = "<group>"; };
		50B687DC24BF87C70093E603 /* JetIQStudentApp.swift */ = {isa = PBXFileReference; lastKnownFileType = sourcecode.swift; path = JetIQStudentApp.swift; sourceTree = "<group>"; };
/* End PBXFileReference section */

/* Begin PBXFrameworksBuildPhase section */
		5063688F2395286400067291 /* Frameworks */ = {
			isa = PBXFrameworksBuildPhase;
			buildActionMask = 2147483647;
			files = (
				B6052EB92680BC5500AEA1AC /* Extension in Frameworks */,
				5056C1A92526366600B53E3A /* SwiftUIPullToRefresh in Frameworks */,
			);
			runOnlyForDeploymentPostprocessing = 0;
		};
/* End PBXFrameworksBuildPhase section */

/* Begin PBXGroup section */
		501C6E932524EC2100AB6A2E /* Schedule */ = {
			isa = PBXGroup;
			children = (
				505E893523952F5900694E0F /* ScheduleView.swift */,
				501C6E952524EC4400AB6A2E /* LessonView.swift */,
			);
			path = Schedule;
			sourceTree = "<group>";
		};
		506368892395286400067291 = {
			isa = PBXGroup;
			children = (
				506368942395286400067291 /* JetIQ-Student */,
				506368932395286400067291 /* Products */,
			);
			sourceTree = "<group>";
		};
		506368932395286400067291 /* Products */ = {
			isa = PBXGroup;
			children = (
				506368922395286400067291 /* JetIQ-Student.app */,
			);
			name = Products;
			sourceTree = "<group>";
		};
		506368942395286400067291 /* JetIQ-Student */ = {
			isa = PBXGroup;
			children = (
				50B687DC24BF87C70093E603 /* JetIQStudentApp.swift */,
				5063689C2395286400067291 /* ContentView.swift */,
				501C6E932524EC2100AB6A2E /* Schedule */,
				509F61D12526545500C8FF71 /* SuccessLog */,
				5096472223C612D90000758C /* SubgroupSelectionView.swift */,
				505E893323952F0900694E0F /* MarkbookView.swift */,
				50326D5F242A891500539BEE /* SettingsView.swift */,
				505E893723953B8100694E0F /* LoginView.swift */,
				505E894323954E3800694E0F /* Defaults.swift */,
				505E894123954DCC00694E0F /* APIJsons.swift */,
				505E893B2395423000694E0F /* UserData.swift */,
				505E893F23954B7000694E0F /* ArchState.swift */,
				5056C1B525263F4600B53E3A /* LocalStorage.swift */,
				509576D125D54CE2004E649F /* Networking.swift */,
				5063689E2395286800067291 /* Assets.xcassets */,
				506368A32395286800067291 /* LaunchScreen.storyboard */,
				506368A62395286800067291 /* Info.plist */,
				506368992395286400067291 /* JetIQ_Student.xcdatamodeld */,
				506368A02395286800067291 /* Preview Content */,
			);
			path = "JetIQ-Student";
			sourceTree = "<group>";
		};
		506368A02395286800067291 /* Preview Content */ = {
			isa = PBXGroup;
			children = (
				506368A12395286800067291 /* Preview Assets.xcassets */,
			);
			path = "Preview Content";
			sourceTree = "<group>";
		};
		509F61D12526545500C8FF71 /* SuccessLog */ = {
			isa = PBXGroup;
			children = (
				5056C1B825264B0F00B53E3A /* SuccessLogView.swift */,
				509F61D22526546A00C8FF71 /* SuccessLogDetailView.swift */,
			);
			path = SuccessLog;
			sourceTree = "<group>";
		};
/* End PBXGroup section */

/* Begin PBXNativeTarget section */
		506368912395286400067291 /* JetIQ-Student */ = {
			isa = PBXNativeTarget;
			buildConfigurationList = 506368A92395286800067291 /* Build configuration list for PBXNativeTarget "JetIQ-Student" */;
			buildPhases = (
				5063688E2395286400067291 /* Sources */,
				5063688F2395286400067291 /* Frameworks */,
				506368902395286400067291 /* Resources */,
			);
			buildRules = (
			);
			dependencies = (
			);
			name = "JetIQ-Student";
			packageProductDependencies = (
				5056C1A82526366600B53E3A /* SwiftUIPullToRefresh */,
				B6052EB82680BC5500AEA1AC /* Extension */,
			);
			productName = "JetIQ-Student";
			productReference = 506368922395286400067291 /* JetIQ-Student.app */;
			productType = "com.apple.product-type.application";
		};
/* End PBXNativeTarget section */

/* Begin PBXProject section */
		5063688A2395286400067291 /* Project object */ = {
			isa = PBXProject;
			attributes = {
				LastSwiftUpdateCheck = 1120;
				LastUpgradeCheck = 1330;
				ORGANIZATIONNAME = EvilSquad;
				TargetAttributes = {
					506368912395286400067291 = {
						CreatedOnToolsVersion = 11.2.1;
					};
				};
			};
			buildConfigurationList = 5063688D2395286400067291 /* Build configuration list for PBXProject "JetIQ-Student" */;
			compatibilityVersion = "Xcode 11.4";
			developmentRegion = en;
			hasScannedForEncodings = 0;
			knownRegions = (
				en,
				Base,
			);
			mainGroup = 506368892395286400067291;
			packageReferences = (
				5056C1A72526366600B53E3A /* XCRemoteSwiftPackageReference "SwiftUIPullToRefresh" */,
				B6052EB72680BC5500AEA1AC /* XCRemoteSwiftPackageReference "Extension" */,
			);
			productRefGroup = 506368932395286400067291 /* Products */;
			projectDirPath = "";
			projectRoot = "";
			targets = (
				506368912395286400067291 /* JetIQ-Student */,
			);
		};
/* End PBXProject section */

/* Begin PBXResourcesBuildPhase section */
		506368902395286400067291 /* Resources */ = {
			isa = PBXResourcesBuildPhase;
			buildActionMask = 2147483647;
			files = (
				506368A52395286800067291 /* LaunchScreen.storyboard in Resources */,
				506368A22395286800067291 /* Preview Assets.xcassets in Resources */,
				5063689F2395286800067291 /* Assets.xcassets in Resources */,
			);
			runOnlyForDeploymentPostprocessing = 0;
		};
/* End PBXResourcesBuildPhase section */

/* Begin PBXSourcesBuildPhase section */
		5063688E2395286400067291 /* Sources */ = {
			isa = PBXSourcesBuildPhase;
			buildActionMask = 2147483647;
			files = (
				5063689B2395286400067291 /* JetIQ_Student.xcdatamodeld in Sources */,
				505E893823953B8100694E0F /* LoginView.swift in Sources */,
				509576D225D54CE2004E649F /* Networking.swift in Sources */,
				505E894023954B7000694E0F /* ArchState.swift in Sources */,
				505E893C2395423000694E0F /* UserData.swift in Sources */,
				501C6E962524EC4400AB6A2E /* LessonView.swift in Sources */,
				5056C1B625263F4600B53E3A /* LocalStorage.swift in Sources */,
				505E893423952F0900694E0F /* MarkbookView.swift in Sources */,
				5063689D2395286400067291 /* ContentView.swift in Sources */,
				50B687DD24BF87C70093E603 /* JetIQStudentApp.swift in Sources */,
				5056C1B925264B0F00B53E3A /* SuccessLogView.swift in Sources */,
				50326D60242A891500539BEE /* SettingsView.swift in Sources */,
				505E894223954DCC00694E0F /* APIJsons.swift in Sources */,
				5096472323C612D90000758C /* SubgroupSelectionView.swift in Sources */,
				505E893623952F5900694E0F /* ScheduleView.swift in Sources */,
				509F61D32526546A00C8FF71 /* SuccessLogDetailView.swift in Sources */,
				505E894423954E3800694E0F /* Defaults.swift in Sources */,
			);
			runOnlyForDeploymentPostprocessing = 0;
		};
/* End PBXSourcesBuildPhase section */

/* Begin PBXVariantGroup section */
		506368A32395286800067291 /* LaunchScreen.storyboard */ = {
			isa = PBXVariantGroup;
			children = (
				506368A42395286800067291 /* Base */,
			);
			name = LaunchScreen.storyboard;
			sourceTree = "<group>";
		};
/* End PBXVariantGroup section */

/* Begin XCBuildConfiguration section */
		506368A72395286800067291 /* Debug */ = {
			isa = XCBuildConfiguration;
			buildSettings = {
				ALWAYS_SEARCH_USER_PATHS = NO;
				CLANG_ANALYZER_NONNULL = YES;
				CLANG_ANALYZER_NUMBER_OBJECT_CONVERSION = YES_AGGRESSIVE;
				CLANG_CXX_LANGUAGE_STANDARD = "gnu++14";
				CLANG_CXX_LIBRARY = "libc++";
				CLANG_ENABLE_MODULES = YES;
				CLANG_ENABLE_OBJC_ARC = YES;
				CLANG_ENABLE_OBJC_WEAK = YES;
				CLANG_WARN_BLOCK_CAPTURE_AUTORELEASING = YES;
				CLANG_WARN_BOOL_CONVERSION = YES;
				CLANG_WARN_COMMA = YES;
				CLANG_WARN_CONSTANT_CONVERSION = YES;
				CLANG_WARN_DEPRECATED_OBJC_IMPLEMENTATIONS = YES;
				CLANG_WARN_DIRECT_OBJC_ISA_USAGE = YES_ERROR;
				CLANG_WARN_DOCUMENTATION_COMMENTS = YES;
				CLANG_WARN_EMPTY_BODY = YES;
				CLANG_WARN_ENUM_CONVERSION = YES;
				CLANG_WARN_INFINITE_RECURSION = YES;
				CLANG_WARN_INT_CONVERSION = YES;
				CLANG_WARN_NON_LITERAL_NULL_CONVERSION = YES;
				CLANG_WARN_OBJC_IMPLICIT_RETAIN_SELF = YES;
				CLANG_WARN_OBJC_LITERAL_CONVERSION = YES;
				CLANG_WARN_OBJC_ROOT_CLASS = YES_ERROR;
				CLANG_WARN_QUOTED_INCLUDE_IN_FRAMEWORK_HEADER = YES;
				CLANG_WARN_RANGE_LOOP_ANALYSIS = YES;
				CLANG_WARN_STRICT_PROTOTYPES = YES;
				CLANG_WARN_SUSPICIOUS_MOVE = YES;
				CLANG_WARN_UNGUARDED_AVAILABILITY = YES_AGGRESSIVE;
				CLANG_WARN_UNREACHABLE_CODE = YES;
				CLANG_WARN__DUPLICATE_METHOD_MATCH = YES;
				COPY_PHASE_STRIP = NO;
				DEBUG_INFORMATION_FORMAT = dwarf;
				ENABLE_STRICT_OBJC_MSGSEND = YES;
				ENABLE_TESTABILITY = YES;
				GCC_C_LANGUAGE_STANDARD = gnu11;
				GCC_DYNAMIC_NO_PIC = NO;
				GCC_NO_COMMON_BLOCKS = YES;
				GCC_OPTIMIZATION_LEVEL = 0;
				GCC_PREPROCESSOR_DEFINITIONS = (
					"DEBUG=1",
					"$(inherited)",
				);
				GCC_WARN_64_TO_32_BIT_CONVERSION = YES;
				GCC_WARN_ABOUT_RETURN_TYPE = YES_ERROR;
				GCC_WARN_UNDECLARED_SELECTOR = YES;
				GCC_WARN_UNINITIALIZED_AUTOS = YES_AGGRESSIVE;
				GCC_WARN_UNUSED_FUNCTION = YES;
				GCC_WARN_UNUSED_VARIABLE = YES;
				IPHONEOS_DEPLOYMENT_TARGET = 14.0;
				MTL_ENABLE_DEBUG_INFO = INCLUDE_SOURCE;
				MTL_FAST_MATH = YES;
				ONLY_ACTIVE_ARCH = YES;
				SDKROOT = iphoneos;
				SWIFT_ACTIVE_COMPILATION_CONDITIONS = DEBUG;
				SWIFT_OPTIMIZATION_LEVEL = "-Onone";
			};
			name = Debug;
		};
		506368A82395286800067291 /* Release */ = {
			isa = XCBuildConfiguration;
			buildSettings = {
				ALWAYS_SEARCH_USER_PATHS = NO;
				CLANG_ANALYZER_NONNULL = YES;
				CLANG_ANALYZER_NUMBER_OBJECT_CONVERSION = YES_AGGRESSIVE;
				CLANG_CXX_LANGUAGE_STANDARD = "gnu++14";
				CLANG_CXX_LIBRARY = "libc++";
				CLANG_ENABLE_MODULES = YES;
				CLANG_ENABLE_OBJC_ARC = YES;
				CLANG_ENABLE_OBJC_WEAK = YES;
				CLANG_WARN_BLOCK_CAPTURE_AUTORELEASING = YES;
				CLANG_WARN_BOOL_CONVERSION = YES;
				CLANG_WARN_COMMA = YES;
				CLANG_WARN_CONSTANT_CONVERSION = YES;
				CLANG_WARN_DEPRECATED_OBJC_IMPLEMENTATIONS = YES;
				CLANG_WARN_DIRECT_OBJC_ISA_USAGE = YES_ERROR;
				CLANG_WARN_DOCUMENTATION_COMMENTS = YES;
				CLANG_WARN_EMPTY_BODY = YES;
				CLANG_WARN_ENUM_CONVERSION = YES;
				CLANG_WARN_INFINITE_RECURSION = YES;
				CLANG_WARN_INT_CONVERSION = YES;
				CLANG_WARN_NON_LITERAL_NULL_CONVERSION = YES;
				CLANG_WARN_OBJC_IMPLICIT_RETAIN_SELF = YES;
				CLANG_WARN_OBJC_LITERAL_CONVERSION = YES;
				CLANG_WARN_OBJC_ROOT_CLASS = YES_ERROR;
				CLANG_WARN_QUOTED_INCLUDE_IN_FRAMEWORK_HEADER = YES;
				CLANG_WARN_RANGE_LOOP_ANALYSIS = YES;
				CLANG_WARN_STRICT_PROTOTYPES = YES;
				CLANG_WARN_SUSPICIOUS_MOVE = YES;
				CLANG_WARN_UNGUARDED_AVAILABILITY = YES_AGGRESSIVE;
				CLANG_WARN_UNREACHABLE_CODE = YES;
				CLANG_WARN__DUPLICATE_METHOD_MATCH = YES;
				COPY_PHASE_STRIP = NO;
				DEBUG_INFORMATION_FORMAT = "dwarf-with-dsym";
				ENABLE_NS_ASSERTIONS = NO;
				ENABLE_STRICT_OBJC_MSGSEND = YES;
				GCC_C_LANGUAGE_STANDARD = gnu11;
				GCC_NO_COMMON_BLOCKS = YES;
				GCC_WARN_64_TO_32_BIT_CONVERSION = YES;
				GCC_WARN_ABOUT_RETURN_TYPE = YES_ERROR;
				GCC_WARN_UNDECLARED_SELECTOR = YES;
				GCC_WARN_UNINITIALIZED_AUTOS = YES_AGGRESSIVE;
				GCC_WARN_UNUSED_FUNCTION = YES;
				GCC_WARN_UNUSED_VARIABLE = YES;
				IPHONEOS_DEPLOYMENT_TARGET = 14.0;
				MTL_ENABLE_DEBUG_INFO = NO;
				MTL_FAST_MATH = YES;
				SDKROOT = iphoneos;
				SWIFT_COMPILATION_MODE = wholemodule;
				SWIFT_OPTIMIZATION_LEVEL = "-O";
				VALIDATE_PRODUCT = YES;
			};
			name = Release;
		};
		506368AA2395286800067291 /* Debug */ = {
			isa = XCBuildConfiguration;
			buildSettings = {
				ASSETCATALOG_COMPILER_APPICON_NAME = AppIcon;
				CODE_SIGN_STYLE = Automatic;
				CURRENT_PROJECT_VERSION = 2;
				DEVELOPMENT_ASSET_PATHS = "\"JetIQ-Student/Preview Content\"";
				DEVELOPMENT_TEAM = 2H5SN3R8CC;
				ENABLE_PREVIEWS = YES;
				INFOPLIST_FILE = "JetIQ-Student/Info.plist";
				LD_RUNPATH_SEARCH_PATHS = (
					"$(inherited)",
					"@executable_path/Frameworks",
				);
				MARKETING_VERSION = 2.2.2;
				PRODUCT_BUNDLE_IDENTIFIER = five.systems.development.VNTU.JetIQ;
				PRODUCT_NAME = "$(TARGET_NAME)";
				SWIFT_VERSION = 5.0;
				TARGETED_DEVICE_FAMILY = 1;
			};
			name = Debug;
		};
		506368AB2395286800067291 /* Release */ = {
			isa = XCBuildConfiguration;
			buildSettings = {
				ASSETCATALOG_COMPILER_APPICON_NAME = AppIcon;
				CODE_SIGN_STYLE = Automatic;
				CURRENT_PROJECT_VERSION = 2;
				DEVELOPMENT_ASSET_PATHS = "\"JetIQ-Student/Preview Content\"";
				DEVELOPMENT_TEAM = 2H5SN3R8CC;
				ENABLE_PREVIEWS = YES;
				INFOPLIST_FILE = "JetIQ-Student/Info.plist";
				LD_RUNPATH_SEARCH_PATHS = (
					"$(inherited)",
					"@executable_path/Frameworks",
				);
				MARKETING_VERSION = 2.2.2;
				PRODUCT_BUNDLE_IDENTIFIER = five.systems.development.VNTU.JetIQ;
				PRODUCT_NAME = "$(TARGET_NAME)";
				SWIFT_VERSION = 5.0;
				TARGETED_DEVICE_FAMILY = 1;
			};
			name = Release;
		};
/* End XCBuildConfiguration section */

/* Begin XCConfigurationList section */
		5063688D2395286400067291 /* Build configuration list for PBXProject "JetIQ-Student" */ = {
			isa = XCConfigurationList;
			buildConfigurations = (
				506368A72395286800067291 /* Debug */,
				506368A82395286800067291 /* Release */,
			);
			defaultConfigurationIsVisible = 0;
			defaultConfigurationName = Release;
		};
		506368A92395286800067291 /* Build configuration list for PBXNativeTarget "JetIQ-Student" */ = {
			isa = XCConfigurationList;
			buildConfigurations = (
				506368AA2395286800067291 /* Debug */,
				506368AB2395286800067291 /* Release */,
			);
			defaultConfigurationIsVisible = 0;
			defaultConfigurationName = Release;
		};
/* End XCConfigurationList section */

/* Begin XCRemoteSwiftPackageReference section */
		5056C1A72526366600B53E3A /* XCRemoteSwiftPackageReference "SwiftUIPullToRefresh" */ = {
			isa = XCRemoteSwiftPackageReference;
			repositoryURL = "https://github.com/muhammedtanriverdi/SwiftUIPullToRefresh.git";
			requirement = {
				branch = master;
				kind = branch;
			};
		};
		B6052EB72680BC5500AEA1AC /* XCRemoteSwiftPackageReference "Extension" */ = {
			isa = XCRemoteSwiftPackageReference;
			repositoryURL = "https://github.com/ZeeWanderer/Extension";
			requirement = {
				kind = upToNextMajorVersion;
				minimumVersion = 1.1.0;
			};
		};
/* End XCRemoteSwiftPackageReference section */

/* Begin XCSwiftPackageProductDependency section */
		5056C1A82526366600B53E3A /* SwiftUIPullToRefresh */ = {
			isa = XCSwiftPackageProductDependency;
			package = 5056C1A72526366600B53E3A /* XCRemoteSwiftPackageReference "SwiftUIPullToRefresh" */;
			productName = SwiftUIPullToRefresh;
		};
		B6052EB82680BC5500AEA1AC /* Extension */ = {
			isa = XCSwiftPackageProductDependency;
			package = B6052EB72680BC5500AEA1AC /* XCRemoteSwiftPackageReference "Extension" */;
			productName = Extension;
		};
/* End XCSwiftPackageProductDependency section */

/* Begin XCVersionGroup section */
		506368992395286400067291 /* JetIQ_Student.xcdatamodeld */ = {
			isa = XCVersionGroup;
			children = (
				5063689A2395286400067291 /* JetIQ_Student.xcdatamodel */,
			);
			currentVersion = 5063689A2395286400067291 /* JetIQ_Student.xcdatamodel */;
			path = JetIQ_Student.xcdatamodeld;
			sourceTree = "<group>";
			versionGroupType = wrapper.xcdatamodel;
		};
/* End XCVersionGroup section */
	};
	rootObject = 5063688A2395286400067291 /* Project object */;
}
